
Microsoft Visual Studio Solution File, Format Version 12.00
# Visual Studio Version 16
VisualStudioVersion = 16.0.29806.167
MinimumVisualStudioVersion = 10.0.40219.1
Project("{FAE04EC0-301F-11D3-BF4B-00C04F79EFBC}") = "Planer.Android", "Planer.Android\Planer.Android.csproj", "{9EB309F3-FB96-4D0A-8AB5-E33501F6961F}"
EndProject
Project("{FAE04EC0-301F-11D3-BF4B-00C04F79EFBC}") = "Planer.iOS", "Planer.iOS\Planer.iOS.csproj", "{2C104B6C-F6D8-4E1C-8E0E-82503ADCFCD3}"
EndProject
Project("{FAE04EC0-301F-11D3-BF4B-00C04F79EFBC}") = "Planer", "Planer\Planer.csproj", "{51FAD77A-1689-43FA-AE45-DD7A7040086F}"
EndProject
Global
	GlobalSection(SolutionConfigurationPlatforms) = preSolution
		Debug|Any CPU = Debug|Any CPU
		Debug|iPhone = Debug|iPhone
		Debug|iPhoneSimulator = Debug|iPhoneSimulator
		Release|Any CPU = Release|Any CPU
		Release|iPhone = Release|iPhone
		Release|iPhoneSimulator = Release|iPhoneSimulator
	EndGlobalSection
	GlobalSection(ProjectConfigurationPlatforms) = postSolution
		{9EB309F3-FB96-4D0A-8AB5-E33501F6961F}.Debug|Any CPU.ActiveCfg = Debug|Any CPU
		{9EB309F3-FB96-4D0A-8AB5-E33501F6961F}.Debug|Any CPU.Build.0 = Debug|Any CPU
		{9EB309F3-FB96-4D0A-8AB5-E33501F6961F}.Debug|Any CPU.Deploy.0 = Debug|Any CPU
		{9EB309F3-FB96-4D0A-8AB5-E33501F6961F}.Debug|iPhone.ActiveCfg = Debug|Any CPU
		{9EB309F3-FB96-4D0A-8AB5-E33501F6961F}.Debug|iPhone.Build.0 = Debug|Any CPU
		{9EB309F3-FB96-4D0A-8AB5-E33501F6961F}.Debug|iPhone.Deploy.0 = Debug|Any CPU
		{9EB309F3-FB96-4D0A-8AB5-E33501F6961F}.Debug|iPhoneSimulator.ActiveCfg = Debug|Any CPU
		{9EB309F3-FB96-4D0A-8AB5-E33501F6961F}.Debug|iPhoneSimulator.Build.0 = Debug|Any CPU
		{9EB309F3-FB96-4D0A-8AB5-E33501F6961F}.Debug|iPhoneSimulator.Deploy.0 = Debug|Any CPU
		{9EB309F3-FB96-4D0A-8AB5-E33501F6961F}.Release|Any CPU.ActiveCfg = Release|Any CPU
		{9EB309F3-FB96-4D0A-8AB5-E33501F6961F}.Release|Any CPU.Build.0 = Release|Any CPU
		{9EB309F3-FB96-4D0A-8AB5-E33501F6961F}.Release|Any CPU.Deploy.0 = Release|Any CPU
		{9EB309F3-FB96-4D0A-8AB5-E33501F6961F}.Release|iPhone.ActiveCfg = Release|Any CPU
		{9EB309F3-FB96-4D0A-8AB5-E33501F6961F}.Release|iPhone.Build.0 = Release|Any CPU
		{9EB309F3-FB96-4D0A-8AB5-E33501F6961F}.Release|iPhone.Deploy.0 = Release|Any CPU
		{9EB309F3-FB96-4D0A-8AB5-E33501F6961F}.Release|iPhoneSimulator.ActiveCfg = Release|Any CPU
		{9EB309F3-FB96-4D0A-8AB5-E33501F6961F}.Release|iPhoneSimulator.Build.0 = Release|Any CPU
		{9EB309F3-FB96-4D0A-8AB5-E33501F6961F}.Release|iPhoneSimulator.Deploy.0 = Release|Any CPU
		{2C104B6C-F6D8-4E1C-8E0E-82503ADCFCD3}.Debug|Any CPU.ActiveCfg = Debug|iPhoneSimulator
		{2C104B6C-F6D8-4E1C-8E0E-82503ADCFCD3}.Debug|Any CPU.Build.0 = Debug|iPhoneSimulator
		{2C104B6C-F6D8-4E1C-8E0E-82503ADCFCD3}.Debug|Any CPU.Deploy.0 = Debug|iPhoneSimulator
		{2C104B6C-F6D8-4E1C-8E0E-82503ADCFCD3}.Debug|iPhone.ActiveCfg = Debug|iPhone
		{2C104B6C-F6D8-4E1C-8E0E-82503ADCFCD3}.Debug|iPhone.Build.0 = Debug|iPhone
		{2C104B6C-F6D8-4E1C-8E0E-82503ADCFCD3}.Debug|iPhone.Deploy.0 = Debug|iPhone
		{2C104B6C-F6D8-4E1C-8E0E-82503ADCFCD3}.Debug|iPhoneSimulator.ActiveCfg = Debug|iPhoneSimulator
		{2C104B6C-F6D8-4E1C-8E0E-82503ADCFCD3}.Debug|iPhoneSimulator.Build.0 = Debug|iPhoneSimulator
		{2C104B6C-F6D8-4E1C-8E0E-82503ADCFCD3}.Debug|iPhoneSimulator.Deploy.0 = Debug|iPhoneSimulator
		{2C104B6C-F6D8-4E1C-8E0E-82503ADCFCD3}.Release|Any CPU.ActiveCfg = Release|iPhone
		{2C104B6C-F6D8-4E1C-8E0E-82503ADCFCD3}.Release|Any CPU.Build.0 = Release|iPhone
		{2C104B6C-F6D8-4E1C-8E0E-82503ADCFCD3}.Release|Any CPU.Deploy.0 = Release|iPhone
		{2C104B6C-F6D8-4E1C-8E0E-82503ADCFCD3}.Release|iPhone.ActiveCfg = Release|iPhone
		{2C104B6C-F6D8-4E1C-8E0E-82503ADCFCD3}.Release|iPhone.Build.0 = Release|iPhone
		{2C104B6C-F6D8-4E1C-8E0E-82503ADCFCD3}.Release|iPhone.Deploy.0 = Release|iPhone
		{2C104B6C-F6D8-4E1C-8E0E-82503ADCFCD3}.Release|iPhoneSimulator.ActiveCfg = Release|iPhoneSimulator
		{2C104B6C-F6D8-4E1C-8E0E-82503ADCFCD3}.Release|iPhoneSimulator.Build.0 = Release|iPhoneSimulator
		{2C104B6C-F6D8-4E1C-8E0E-82503ADCFCD3}.Release|iPhoneSimulator.Deploy.0 = Release|iPhoneSimulator
		{51FAD77A-1689-43FA-AE45-DD7A7040086F}.Debug|Any CPU.ActiveCfg = Debug|Any CPU
		{51FAD77A-1689-43FA-AE45-DD7A7040086F}.Debug|Any CPU.Build.0 = Debug|Any CPU
		{51FAD77A-1689-43FA-AE45-DD7A7040086F}.Debug|Any CPU.Deploy.0 = Debug|Any CPU
		{51FAD77A-1689-43FA-AE45-DD7A7040086F}.Debug|iPhone.ActiveCfg = Debug|Any CPU
		{51FAD77A-1689-43FA-AE45-DD7A7040086F}.Debug|iPhone.Build.0 = Debug|Any CPU
		{51FAD77A-1689-43FA-AE45-DD7A7040086F}.Debug|iPhone.Deploy.0 = Debug|Any CPU
		{51FAD77A-1689-43FA-AE45-DD7A7040086F}.Debug|iPhoneSimulator.ActiveCfg = Debug|Any CPU
		{51FAD77A-1689-43FA-AE45-DD7A7040086F}.Debug|iPhoneSimulator.Build.0 = Debug|Any CPU
		{51FAD77A-1689-43FA-AE45-DD7A7040086F}.Debug|iPhoneSimulator.Deploy.0 = Debug|Any CPU
		{51FAD77A-1689-43FA-AE45-DD7A7040086F}.Release|Any CPU.ActiveCfg = Release|Any CPU
		{51FAD77A-1689-43FA-AE45-DD7A7040086F}.Release|Any CPU.Build.0 = Release|Any CPU
		{51FAD77A-1689-43FA-AE45-DD7A7040086F}.Release|Any CPU.Deploy.0 = Release|Any CPU
		{51FAD77A-1689-43FA-AE45-DD7A7040086F}.Release|iPhone.ActiveCfg = Release|Any CPU
		{51FAD77A-1689-43FA-AE45-DD7A7040086F}.Release|iPhone.Build.0 = Release|Any CPU
		{51FAD77A-1689-43FA-AE45-DD7A7040086F}.Release|iPhone.Deploy.0 = Release|Any CPU
		{51FAD77A-1689-43FA-AE45-DD7A7040086F}.Release|iPhoneSimulator.ActiveCfg = Release|Any CPU
		{51FAD77A-1689-43FA-AE45-DD7A7040086F}.Release|iPhoneSimulator.Build.0 = Release|Any CPU
		{51FAD77A-1689-43FA-AE45-DD7A7040086F}.Release|iPhoneSimulator.Deploy.0 = Release|Any CPU
	EndGlobalSection
	GlobalSection(SolutionProperties) = preSolution
		HideSolutionNode = FALSE
	EndGlobalSection
	GlobalSection(ExtensibilityGlobals) = postSolution
		SolutionGuid = {3BE530E3-F730-480F-99DF-306A47FF8AD6}
	EndGlobalSection
EndGlobal
